{
    "_readme": [
        "This file locks the dependencies of your project to a known state",
        "Read more about it at https://getcomposer.org/doc/01-basic-usage.md#installing-dependencies",
        "This file is @generated automatically"
    ],
    "content-hash": "bb8e25fad8540c70ea0cc30399ca5813",
    "packages": [
        {
            "name": "convertapi/convertapi-php",
            "version": "v3.0.0",
            "source": {
                "type": "git",
                "url": "https://github.com/ConvertAPI/convertapi-library-php.git",
                "reference": "568344d082a524e490b73f0cb72891a10b295f81"
            },
            "dist": {
                "type": "zip",
                "url": "https://api.github.com/repos/ConvertAPI/convertapi-library-php/zipball/568344d082a524e490b73f0cb72891a10b295f81",
                "reference": "568344d082a524e490b73f0cb72891a10b295f81",
                "shasum": ""
            },
            "require": {
                "ext-curl": "*",
                "ext-json": "*",
                "php": ">=8.0"
            },
            "require-dev": {
                "phpunit/phpunit": "~10.0"
            },
            "type": "library",
            "autoload": {
                "psr-0": {
                    "ConvertApi\\": "lib/"
                }
            },
            "notification-url": "https://packagist.org/downloads/",
            "license": [
                "MIT"
            ],
            "authors": [
                {
                    "name": "ConvertAPI and contributors",
                    "homepage": "https://github.com/ConvertAPI/convertapi-php/graphs/contributors"
                }
            ],
            "description": "Convert API PHP Client",
            "homepage": "https://github.com/ConvertAPI/convertapi-php",
            "keywords": [
                "api",
                "client",
                "conversion",
                "convert"
            ],
            "support": {
                "issues": "https://github.com/ConvertAPI/convertapi-library-php/issues",
                "source": "https://github.com/ConvertAPI/convertapi-library-php/tree/v3.0.0"
            },
            "time": "2024-09-14T08:49:40+00:00"
        }
    ],
    "packages-dev": [],
    "aliases": [],
    "minimum-stability": "stable",
    "stability-flags": [],
    "prefer-stable": false,
    "prefer-lowest": false,
    "platform": [],
    "platform-dev": [],
    "plugin-api-version": "2.6.0"
}
